
Microsoft Visual Studio Solution File, Format Version 12.00
# Visual Studio Version 16
VisualStudioVersion = 16.0.31025.194
MinimumVisualStudioVersion = 10.0.40219.1
Project("{8BC9CEB8-8B4A-11D0-8D11-00A0C91BC942}") = "hostel_project", "hostel_project\hostel_project.vcxproj", "{8A472DD2-C67B-4322-82DE-F109F2E0FE34}"
EndProject
Global
	GlobalSection(SolutionConfigurationPlatforms) = preSolution
		Debug|x64 = Debug|x64
		Debug|x86 = Debug|x86
		Release|x64 = Release|x64
		Release|x86 = Release|x86
	EndGlobalSection
	GlobalSection(ProjectConfigurationPlatforms) = postSolution
		{8A472DD2-C67B-4322-82DE-F109F2E0FE34}.Debug|x64.ActiveCfg = Debug|x64
		{8A472DD2-C67B-4322-82DE-F109F2E0FE34}.Debug|x64.Build.0 = Debug|x64
		{8A472DD2-C67B-4322-82DE-F109F2E0FE34}.Debug|x86.ActiveCfg = Debug|Win32
		{8A472DD2-C67B-4322-82DE-F109F2E0FE34}.Debug|x86.Build.0 = Debug|Win32
		{8A472DD2-C67B-4322-82DE-F109F2E0FE34}.Release|x64.ActiveCfg = Release|x64
		{8A472DD2-C67B-4322-82DE-F109F2E0FE34}.Release|x64.Build.0 = Release|x64
		{8A472DD2-C67B-4322-82DE-F109F2E0FE34}.Release|x86.ActiveCfg = Release|Win32
		{8A472DD2-C67B-4322-82DE-F109F2E0FE34}.Release|x86.Build.0 = Release|Win32
	EndGlobalSection
	GlobalSection(SolutionProperties) = preSolution
		HideSolutionNode = FALSE
	EndGlobalSection
	GlobalSection(ExtensibilityGlobals) = postSolution
		SolutionGuid = {6480C529-85B0-402E-B35C-CFE3E8B5A42E}
	EndGlobalSection
EndGlobal
